
Microsoft Visual Studio Solution File, Format Version 12.00
# Visual Studio 2012
Project("{FAE04EC0-301F-11D3-BF4B-00C04F79EFBC}") = "Emergent.CodeChallenge.Web", "Emergent.CodeChallenge.Web\Emergent.CodeChallenge.Web.csproj", "{750171A0-782D-402D-A519-739DAFE4180F}"
EndProject
Global
	GlobalSection(SolutionConfigurationPlatforms) = preSolution
		Debug|Any CPU = Debug|Any CPU
		Release|Any CPU = Release|Any CPU
	EndGlobalSection
	GlobalSection(ProjectConfigurationPlatforms) = postSolution
		{750171A0-782D-402D-A519-739DAFE4180F}.Debug|Any CPU.ActiveCfg = Debug|Any CPU
		{750171A0-782D-402D-A519-739DAFE4180F}.Debug|Any CPU.Build.0 = Debug|Any CPU
		{750171A0-782D-402D-A519-739DAFE4180F}.Release|Any CPU.ActiveCfg = Release|Any CPU
		{750171A0-782D-402D-A519-739DAFE4180F}.Release|Any CPU.Build.0 = Release|Any CPU
	EndGlobalSection
EndGlobal
